// !$*UTF8*$!
{
	archiveVersion = 1;
	classes = {
	};
	objectVersion = 50;
	objects = {

/* Begin PBXBuildFile section */
		8DABC39B221AF8CD00939521 /* AppDelegate.swift in Sources */ = {isa = PBXBuildFile; fileRef = 8DABC39A221AF8CD00939521 /* AppDelegate.swift */; };
		8DABC3A0221AF8CD00939521 /* Main.storyboard in Resources */ = {isa = PBXBuildFile; fileRef = 8DABC39E221AF8CD00939521 /* Main.storyboard */; };
		8DABC3A2221AF8CE00939521 /* Assets.xcassets in Resources */ = {isa = PBXBuildFile; fileRef = 8DABC3A1221AF8CE00939521 /* Assets.xcassets */; };
		8DABC3A5221AF8CE00939521 /* LaunchScreen.storyboard in Resources */ = {isa = PBXBuildFile; fileRef = 8DABC3A3221AF8CE00939521 /* LaunchScreen.storyboard */; };
		8DABC3AD221AFBBF00939521 /* ChatViewController.swift in Sources */ = {isa = PBXBuildFile; fileRef = 8DABC3AC221AFBBF00939521 /* ChatViewController.swift */; };
		8DABC3B1221B05A300939521 /* ViewController.swift in Sources */ = {isa = PBXBuildFile; fileRef = 8DABC3B0221B05A300939521 /* ViewController.swift */; };
		8DABC3B7221B363800939521 /* ChatManager.swift in Sources */ = {isa = PBXBuildFile; fileRef = 8DABC3B6221B363800939521 /* ChatManager.swift */; };
		C9C818C0C518CA41E2569BD0 /* Pods_ChatBotPlants.framework in Frameworks */ = {isa = PBXBuildFile; fileRef = B94EBCCA6EEDF3A8BA908392 /* Pods_ChatBotPlants.framework */; };
/* End PBXBuildFile section */

/* Begin PBXFileReference section */
		08EC3B51255A5BFF8D8B5F39 /* Pods-ChatBotPlants.debug.xcconfig */ = {isa = PBXFileReference; includeInIndex = 1; lastKnownFileType = text.xcconfig; name = "Pods-ChatBotPlants.debug.xcconfig"; path = "Pods/Target Support Files/Pods-ChatBotPlants/Pods-ChatBotPlants.debug.xcconfig"; sourceTree = "<group>"; };
		8DABC397221AF8CD00939521 /* ChatBotPlants.app */ = {isa = PBXFileReference; explicitFileType = wrapper.application; includeInIndex = 0; path = ChatBotPlants.app; sourceTree = BUILT_PRODUCTS_DIR; };
		8DABC39A221AF8CD00939521 /* AppDelegate.swift */ = {isa = PBXFileReference; lastKnownFileType = sourcecode.swift; path = AppDelegate.swift; sourceTree = "<group>"; };
		8DABC39F221AF8CD00939521 /* Base */ = {isa = PBXFileReference; lastKnownFileType = file.storyboard; name = Base; path = Base.lproj/Main.storyboard; sourceTree = "<group>"; };
		8DABC3A1221AF8CE00939521 /* Assets.xcassets */ = {isa = PBXFileReference; lastKnownFileType = folder.assetcatalog; path = Assets.xcassets; sourceTree = "<group>"; };
		8DABC3A4221AF8CE00939521 /* Base */ = {isa = PBXFileReference; lastKnownFileType = file.storyboard; name = Base; path = Base.lproj/LaunchScreen.storyboard; sourceTree = "<group>"; };
		8DABC3A6221AF8CE00939521 /* Info.plist */ = {isa = PBXFileReference; lastKnownFileType = text.plist.xml; path = Info.plist; sourceTree = "<group>"; };
		8DABC3AC221AFBBF00939521 /* ChatViewController.swift */ = {isa = PBXFileReference; lastKnownFileType = sourcecode.swift; path = ChatViewController.swift; sourceTree = "<group>"; };
		8DABC3B0221B05A300939521 /* ViewController.swift */ = {isa = PBXFileReference; lastKnownFileType = sourcecode.swift; path = ViewController.swift; sourceTree = "<group>"; };
		8DABC3B6221B363800939521 /* ChatManager.swift */ = {isa = PBXFileReference; lastKnownFileType = sourcecode.swift; path = ChatManager.swift; sourceTree = "<group>"; };
		AC63CC2A59048532A5F2E814 /* Pods-ChatBotPlants.release.xcconfig */ = {isa = PBXFileReference; includeInIndex = 1; lastKnownFileType = text.xcconfig; name = "Pods-ChatBotPlants.release.xcconfig"; path = "Pods/Target Support Files/Pods-ChatBotPlants/Pods-ChatBotPlants.release.xcconfig"; sourceTree = "<group>"; };
		B94EBCCA6EEDF3A8BA908392 /* Pods_ChatBotPlants.framework */ = {isa = PBXFileReference; explicitFileType = wrapper.framework; includeInIndex = 0; path = Pods_ChatBotPlants.framework; sourceTree = BUILT_PRODUCTS_DIR; };
/* End PBXFileReference section */

/* Begin PBXFrameworksBuildPhase section */
		8DABC394221AF8CD00939521 /* Frameworks */ = {
			isa = PBXFrameworksBuildPhase;
			buildActionMask = 2147483647;
			files = (
				C9C818C0C518CA41E2569BD0 /* Pods_ChatBotPlants.framework in Frameworks */,
			);
			runOnlyForDeploymentPostprocessing = 0;
		};
/* End PBXFrameworksBuildPhase section */

/* Begin PBXGroup section */
		8DABC38E221AF8CD00939521 = {
			isa = PBXGroup;
			children = (
				8DABC399221AF8CD00939521 /* ChatBotPlants */,
				8DABC398221AF8CD00939521 /* Products */,
				B8543BA0981CB96ABEE87F82 /* Pods */,
				EBAF555861DAF575431E76F5 /* Frameworks */,
			);
			sourceTree = "<group>";
		};
		8DABC398221AF8CD00939521 /* Products */ = {
			isa = PBXGroup;
			children = (
				8DABC397221AF8CD00939521 /* ChatBotPlants.app */,
			);
			name = Products;
			sourceTree = "<group>";
		};
		8DABC399221AF8CD00939521 /* ChatBotPlants */ = {
			isa = PBXGroup;
			children = (
				8DABC3B4221B062700939521 /* Manager */,
				8DABC3B3221B060800939521 /* ViewControllers */,
				8DABC3B2221B05FA00939521 /* Storyboards */,
				8DABC3B5221B063700939521 /* Utilities */,
				8DABC3A6221AF8CE00939521 /* Info.plist */,
			);
			path = ChatBotPlants;
			sourceTree = "<group>";
		};
		8DABC3B2221B05FA00939521 /* Storyboards */ = {
			isa = PBXGroup;
			children = (
				8DABC3A3221AF8CE00939521 /* LaunchScreen.storyboard */,
				8DABC39E221AF8CD00939521 /* Main.storyboard */,
			);
			path = Storyboards;
			sourceTree = "<group>";
		};
		8DABC3B3221B060800939521 /* ViewControllers */ = {
			isa = PBXGroup;
			children = (
				8DABC3AC221AFBBF00939521 /* ChatViewController.swift */,
				8DABC3B0221B05A300939521 /* ViewController.swift */,
			);
			path = ViewControllers;
			sourceTree = "<group>";
		};
		8DABC3B4221B062700939521 /* Manager */ = {
			isa = PBXGroup;
			children = (
				8DABC3B6221B363800939521 /* ChatManager.swift */,
			);
			path = Manager;
			sourceTree = "<group>";
		};
		8DABC3B5221B063700939521 /* Utilities */ = {
			isa = PBXGroup;
			children = (
				8DABC3A1221AF8CE00939521 /* Assets.xcassets */,
				8DABC39A221AF8CD00939521 /* AppDelegate.swift */,
			);
			path = Utilities;
			sourceTree = "<group>";
		};
		B8543BA0981CB96ABEE87F82 /* Pods */ = {
			isa = PBXGroup;
			children = (
				08EC3B51255A5BFF8D8B5F39 /* Pods-ChatBotPlants.debug.xcconfig */,
				AC63CC2A59048532A5F2E814 /* Pods-ChatBotPlants.release.xcconfig */,
			);
			name = Pods;
			sourceTree = "<group>";
		};
		EBAF555861DAF575431E76F5 /* Frameworks */ = {
			isa = PBXGroup;
			children = (
				B94EBCCA6EEDF3A8BA908392 /* Pods_ChatBotPlants.framework */,
			);
			name = Frameworks;
			sourceTree = "<group>";
		};
/* End PBXGroup section */

/* Begin PBXNativeTarget section */
		8DABC396221AF8CD00939521 /* ChatBotPlants */ = {
			isa = PBXNativeTarget;
			buildConfigurationList = 8DABC3A9221AF8CE00939521 /* Build configuration list for PBXNativeTarget "ChatBotPlants" */;
			buildPhases = (
				6BCACD825CE358BF5B788791 /* [CP] Check Pods Manifest.lock */,
				8DABC393221AF8CD00939521 /* Sources */,
				8DABC394221AF8CD00939521 /* Frameworks */,
				8DABC395221AF8CD00939521 /* Resources */,
				06554B451EA2E2A93B7D9F76 /* [CP] Embed Pods Frameworks */,
			);
			buildRules = (
			);
			dependencies = (
			);
			name = ChatBotPlants;
			productName = ChatBotPlants;
			productReference = 8DABC397221AF8CD00939521 /* ChatBotPlants.app */;
			productType = "com.apple.product-type.application";
		};
/* End PBXNativeTarget section */

/* Begin PBXProject section */
		8DABC38F221AF8CD00939521 /* Project object */ = {
			isa = PBXProject;
			attributes = {
				LastSwiftUpdateCheck = 1010;
				LastUpgradeCheck = 1010;
				ORGANIZATIONNAME = Belatrix;
				TargetAttributes = {
					8DABC396221AF8CD00939521 = {
						CreatedOnToolsVersion = 10.1;
					};
				};
			};
			buildConfigurationList = 8DABC392221AF8CD00939521 /* Build configuration list for PBXProject "ChatBotPlants" */;
			compatibilityVersion = "Xcode 9.3";
			developmentRegion = en;
			hasScannedForEncodings = 0;
			knownRegions = (
				en,
				Base,
			);
			mainGroup = 8DABC38E221AF8CD00939521;
			productRefGroup = 8DABC398221AF8CD00939521 /* Products */;
			projectDirPath = "";
			projectRoot = "";
			targets = (
				8DABC396221AF8CD00939521 /* ChatBotPlants */,
			);
		};
/* End PBXProject section */

/* Begin PBXResourcesBuildPhase section */
		8DABC395221AF8CD00939521 /* Resources */ = {
			isa = PBXResourcesBuildPhase;
			buildActionMask = 2147483647;
			files = (
				8DABC3A5221AF8CE00939521 /* LaunchScreen.storyboard in Resources */,
				8DABC3A2221AF8CE00939521 /* Assets.xcassets in Resources */,
				8DABC3A0221AF8CD00939521 /* Main.storyboard in Resources */,
			);
			runOnlyForDeploymentPostprocessing = 0;
		};
/* End PBXResourcesBuildPhase section */

/* Begin PBXShellScriptBuildPhase section */
		06554B451EA2E2A93B7D9F76 /* [CP] Embed Pods Frameworks */ = {
			isa = PBXShellScriptBuildPhase;
			buildActionMask = 2147483647;
			files = (
			);
			inputFileListPaths = (
			);
			inputPaths = (
				"${SRCROOT}/Pods/Target Support Files/Pods-ChatBotPlants/Pods-ChatBotPlants-frameworks.sh",
				"${BUILT_PRODUCTS_DIR}/ApiAI/ApiAI.framework",
				"${BUILT_PRODUCTS_DIR}/JSQMessagesViewController/JSQMessagesViewController.framework",
				"${BUILT_PRODUCTS_DIR}/JSQSystemSoundPlayer/JSQSystemSoundPlayer.framework",
				"${BUILT_PRODUCTS_DIR}/SwiftyJSON/SwiftyJSON.framework",
			);
			name = "[CP] Embed Pods Frameworks";
			outputFileListPaths = (
			);
			outputPaths = (
				"${TARGET_BUILD_DIR}/${FRAMEWORKS_FOLDER_PATH}/ApiAI.framework",
				"${TARGET_BUILD_DIR}/${FRAMEWORKS_FOLDER_PATH}/JSQMessagesViewController.framework",
				"${TARGET_BUILD_DIR}/${FRAMEWORKS_FOLDER_PATH}/JSQSystemSoundPlayer.framework",
				"${TARGET_BUILD_DIR}/${FRAMEWORKS_FOLDER_PATH}/SwiftyJSON.framework",
			);
			runOnlyForDeploymentPostprocessing = 0;
			shellPath = /bin/sh;
			shellScript = "\"${SRCROOT}/Pods/Target Support Files/Pods-ChatBotPlants/Pods-ChatBotPlants-frameworks.sh\"\n";
			showEnvVarsInLog = 0;
		};
		6BCACD825CE358BF5B788791 /* [CP] Check Pods Manifest.lock */ = {
			isa = PBXShellScriptBuildPhase;
			buildActionMask = 2147483647;
			files = (
			);
			inputFileListPaths = (
			);
			inputPaths = (
				"${PODS_PODFILE_DIR_PATH}/Podfile.lock",
				"${PODS_ROOT}/Manifest.lock",
			);
			name = "[CP] Check Pods Manifest.lock";
			outputFileListPaths = (
			);
			outputPaths = (
				"$(DERIVED_FILE_DIR)/Pods-ChatBotPlants-checkManifestLockResult.txt",
			);
			runOnlyForDeploymentPostprocessing = 0;
			shellPath = /bin/sh;
			shellScript = "diff \"${PODS_PODFILE_DIR_PATH}/Podfile.lock\" \"${PODS_ROOT}/Manifest.lock\" > /dev/null\nif [ $? != 0 ] ; then\n    # print error to STDERR\n    echo \"error: The sandbox is not in sync with the Podfile.lock. Run 'pod install' or update your CocoaPods installation.\" >&2\n    exit 1\nfi\n# This output is used by Xcode 'outputs' to avoid re-running this script phase.\necho \"SUCCESS\" > \"${SCRIPT_OUTPUT_FILE_0}\"\n";
			showEnvVarsInLog = 0;
		};
/* End PBXShellScriptBuildPhase section */

/* Begin PBXSourcesBuildPhase section */
		8DABC393221AF8CD00939521 /* Sources */ = {
			isa = PBXSourcesBuildPhase;
			buildActionMask = 2147483647;
			files = (
				8DABC3AD221AFBBF00939521 /* ChatViewController.swift in Sources */,
				8DABC3B1221B05A300939521 /* ViewController.swift in Sources */,
				8DABC39B221AF8CD00939521 /* AppDelegate.swift in Sources */,
				8DABC3B7221B363800939521 /* ChatManager.swift in Sources */,
			);
			runOnlyForDeploymentPostprocessing = 0;
		};
/* End PBXSourcesBuildPhase section */

/* Begin PBXVariantGroup section */
		8DABC39E221AF8CD00939521 /* Main.storyboard */ = {
			isa = PBXVariantGroup;
			children = (
				8DABC39F221AF8CD00939521 /* Base */,
			);
			name = Main.storyboard;
			sourceTree = "<group>";
		};
		8DABC3A3221AF8CE00939521 /* LaunchScreen.storyboard */ = {
			isa = PBXVariantGroup;
			children = (
				8DABC3A4221AF8CE00939521 /* Base */,
			);
			name = LaunchScreen.storyboard;
			sourceTree = "<group>";
		};
/* End PBXVariantGroup section */

/* Begin XCBuildConfiguration section */
		8DABC3A7221AF8CE00939521 /* Debug */ = {
			isa = XCBuildConfiguration;
			buildSettings = {
				ALWAYS_SEARCH_USER_PATHS = NO;
				CLANG_ANALYZER_NONNULL = YES;
				CLANG_ANALYZER_NUMBER_OBJECT_CONVERSION = YES_AGGRESSIVE;
				CLANG_CXX_LANGUAGE_STANDARD = "gnu++14";
				CLANG_CXX_LIBRARY = "libc++";
				CLANG_ENABLE_MODULES = YES;
				CLANG_ENABLE_OBJC_ARC = YES;
				CLANG_ENABLE_OBJC_WEAK = YES;
				CLANG_WARN_BLOCK_CAPTURE_AUTORELEASING = YES;
				CLANG_WARN_BOOL_CONVERSION = YES;
				CLANG_WARN_COMMA = YES;
				CLANG_WARN_CONSTANT_CONVERSION = YES;
				CLANG_WARN_DEPRECATED_OBJC_IMPLEMENTATIONS = YES;
				CLANG_WARN_DIRECT_OBJC_ISA_USAGE = YES_ERROR;
				CLANG_WARN_DOCUMENTATION_COMMENTS = YES;
				CLANG_WARN_EMPTY_BODY = YES;
				CLANG_WARN_ENUM_CONVERSION = YES;
				CLANG_WARN_INFINITE_RECURSION = YES;
				CLANG_WARN_INT_CONVERSION = YES;
				CLANG_WARN_NON_LITERAL_NULL_CONVERSION = YES;
				CLANG_WARN_OBJC_IMPLICIT_RETAIN_SELF = YES;
				CLANG_WARN_OBJC_LITERAL_CONVERSION = YES;
				CLANG_WARN_OBJC_ROOT_CLASS = YES_ERROR;
				CLANG_WARN_RANGE_LOOP_ANALYSIS = YES;
				CLANG_WARN_STRICT_PROTOTYPES = YES;
				CLANG_WARN_SUSPICIOUS_MOVE = YES;
				CLANG_WARN_UNGUARDED_AVAILABILITY = YES_AGGRESSIVE;
				CLANG_WARN_UNREACHABLE_CODE = YES;
				CLANG_WARN__DUPLICATE_METHOD_MATCH = YES;
				CODE_SIGN_IDENTITY = "iPhone Developer";
				COPY_PHASE_STRIP = NO;
				DEBUG_INFORMATION_FORMAT = dwarf;
				ENABLE_STRICT_OBJC_MSGSEND = YES;
				ENABLE_TESTABILITY = YES;
				GCC_C_LANGUAGE_STANDARD = gnu11;
				GCC_DYNAMIC_NO_PIC = NO;
				GCC_NO_COMMON_BLOCKS = YES;
				GCC_OPTIMIZATION_LEVEL = 0;
				GCC_PREPROCESSOR_DEFINITIONS = (
					"DEBUG=1",
					"$(inherited)",
				);
				GCC_WARN_64_TO_32_BIT_CONVERSION = YES;
				GCC_WARN_ABOUT_RETURN_TYPE = YES_ERROR;
				GCC_WARN_UNDECLARED_SELECTOR = YES;
				GCC_WARN_UNINITIALIZED_AUTOS = YES_AGGRESSIVE;
				GCC_WARN_UNUSED_FUNCTION = YES;
				GCC_WARN_UNUSED_VARIABLE = YES;
				IPHONEOS_DEPLOYMENT_TARGET = 12.1;
				MTL_ENABLE_DEBUG_INFO = INCLUDE_SOURCE;
				MTL_FAST_MATH = YES;
				ONLY_ACTIVE_ARCH = YES;
				SDKROOT = iphoneos;
				SWIFT_ACTIVE_COMPILATION_CONDITIONS = DEBUG;
				SWIFT_OPTIMIZATION_LEVEL = "-Onone";
			};
			name = Debug;
		};
		8DABC3A8221AF8CE00939521 /* Release */ = {
			isa = XCBuildConfiguration;
			buildSettings = {
				ALWAYS_SEARCH_USER_PATHS = NO;
				CLANG_ANALYZER_NONNULL = YES;
				CLANG_ANALYZER_NUMBER_OBJECT_CONVERSION = YES_AGGRESSIVE;
				CLANG_CXX_LANGUAGE_STANDARD = "gnu++14";
				CLANG_CXX_LIBRARY = "libc++";
				CLANG_ENABLE_MODULES = YES;
				CLANG_ENABLE_OBJC_ARC = YES;
				CLANG_ENABLE_OBJC_WEAK = YES;
				CLANG_WARN_BLOCK_CAPTURE_AUTORELEASING = YES;
				CLANG_WARN_BOOL_CONVERSION = YES;
				CLANG_WARN_COMMA = YES;
				CLANG_WARN_CONSTANT_CONVERSION = YES;
				CLANG_WARN_DEPRECATED_OBJC_IMPLEMENTATIONS = YES;
				CLANG_WARN_DIRECT_OBJC_ISA_USAGE = YES_ERROR;
				CLANG_WARN_DOCUMENTATION_COMMENTS = YES;
				CLANG_WARN_EMPTY_BODY = YES;
				CLANG_WARN_ENUM_CONVERSION = YES;
				CLANG_WARN_INFINITE_RECURSION = YES;
				CLANG_WARN_INT_CONVERSION = YES;
				CLANG_WARN_NON_LITERAL_NULL_CONVERSION = YES;
				CLANG_WARN_OBJC_IMPLICIT_RETAIN_SELF = YES;
				CLANG_WARN_OBJC_LITERAL_CONVERSION = YES;
				CLANG_WARN_OBJC_ROOT_CLASS = YES_ERROR;
				CLANG_WARN_RANGE_LOOP_ANALYSIS = YES;
				CLANG_WARN_STRICT_PROTOTYPES = YES;
				CLANG_WARN_SUSPICIOUS_MOVE = YES;
				CLANG_WARN_UNGUARDED_AVAILABILITY = YES_AGGRESSIVE;
				CLANG_WARN_UNREACHABLE_CODE = YES;
				CLANG_WARN__DUPLICATE_METHOD_MATCH = YES;
				CODE_SIGN_IDENTITY = "iPhone Developer";
				COPY_PHASE_STRIP = NO;
				DEBUG_INFORMATION_FORMAT = "dwarf-with-dsym";
				ENABLE_NS_ASSERTIONS = NO;
				ENABLE_STRICT_OBJC_MSGSEND = YES;
				GCC_C_LANGUAGE_STANDARD = gnu11;
				GCC_NO_COMMON_BLOCKS = YES;
				GCC_WARN_64_TO_32_BIT_CONVERSION = YES;
				GCC_WARN_ABOUT_RETURN_TYPE = YES_ERROR;
				GCC_WARN_UNDECLARED_SELECTOR = YES;
				GCC_WARN_UNINITIALIZED_AUTOS = YES_AGGRESSIVE;
				GCC_WARN_UNUSED_FUNCTION = YES;
				GCC_WARN_UNUSED_VARIABLE = YES;
				IPHONEOS_DEPLOYMENT_TARGET = 12.1;
				MTL_ENABLE_DEBUG_INFO = NO;
				MTL_FAST_MATH = YES;
				SDKROOT = iphoneos;
				SWIFT_COMPILATION_MODE = wholemodule;
				SWIFT_OPTIMIZATION_LEVEL = "-O";
				VALIDATE_PRODUCT = YES;
			};
			name = Release;
		};
		8DABC3AA221AF8CE00939521 /* Debug */ = {
			isa = XCBuildConfiguration;
			baseConfigurationReference = 08EC3B51255A5BFF8D8B5F39 /* Pods-ChatBotPlants.debug.xcconfig */;
			buildSettings = {
				ASSETCATALOG_COMPILER_APPICON_NAME = AppIcon;
				CODE_SIGN_STYLE = Automatic;
				INFOPLIST_FILE = ChatBotPlants/Info.plist;
				IPHONEOS_DEPLOYMENT_TARGET = 10.0;
				LD_RUNPATH_SEARCH_PATHS = (
					"$(inherited)",
					"@executable_path/Frameworks",
				);
				PRODUCT_BUNDLE_IDENTIFIER = com.belatrix.ChatBotPlants;
				PRODUCT_NAME = "$(TARGET_NAME)";
				SWIFT_VERSION = 4.2;
				TARGETED_DEVICE_FAMILY = "1,2";
			};
			name = Debug;
		};
		8DABC3AB221AF8CE00939521 /* Release */ = {
			isa = XCBuildConfiguration;
			baseConfigurationReference = AC63CC2A59048532A5F2E814 /* Pods-ChatBotPlants.release.xcconfig */;
			buildSettings = {
				ASSETCATALOG_COMPILER_APPICON_NAME = AppIcon;
				CODE_SIGN_STYLE = Automatic;
				INFOPLIST_FILE = ChatBotPlants/Info.plist;
				IPHONEOS_DEPLOYMENT_TARGET = 10.0;
				LD_RUNPATH_SEARCH_PATHS = (
					"$(inherited)",
					"@executable_path/Frameworks",
				);
				PRODUCT_BUNDLE_IDENTIFIER = com.belatrix.ChatBotPlants;
				PRODUCT_NAME = "$(TARGET_NAME)";
				SWIFT_VERSION = 4.2;
				TARGETED_DEVICE_FAMILY = "1,2";
			};
			name = Release;
		};
/* End XCBuildConfiguration section */

/* Begin XCConfigurationList section */
		8DABC392221AF8CD00939521 /* Build configuration list for PBXProject "ChatBotPlants" */ = {
			isa = XCConfigurationList;
			buildConfigurations = (
				8DABC3A7221AF8CE00939521 /* Debug */,
				8DABC3A8221AF8CE00939521 /* Release */,
			);
			defaultConfigurationIsVisible = 0;
			defaultConfigurationName = Release;
		};
		8DABC3A9221AF8CE00939521 /* Build configuration list for PBXNativeTarget "ChatBotPlants" */ = {
			isa = XCConfigurationList;
			buildConfigurations = (
				8DABC3AA221AF8CE00939521 /* Debug */,
				8DABC3AB221AF8CE00939521 /* Release */,
			);
			defaultConfigurationIsVisible = 0;
			defaultConfigurationName = Release;
		};
/* End XCConfigurationList section */
	};
	rootObject = 8DABC38F221AF8CD00939521 /* Project object */;
}
